
Microsoft Visual Studio Solution File, Format Version 12.00
# Visual Studio Version 17
VisualStudioVersion = 17.0.31903.59
MinimumVisualStudioVersion = 10.0.40219.1
Project("{2150E333-8FDC-42A3-9474-1A3956D46DE8}") = "src", "src", "{827E0CD3-B72D-47B6-A68D-7590B98EB39B}"
EndProject
Project("{2150E333-8FDC-42A3-9474-1A3956D46DE8}") = "SlugGenerator", "SlugGenerator", "{85DA4DD2-935B-7590-AE63-10CF7B543618}"
EndProject
Project("{FAE04EC0-301F-11D3-BF4B-00C04F79EFBC}") = "SlugGenerator", "src\SlugGenerator\SlugGenerator\SlugGenerator.csproj", "{83F2F17E-636B-4B39-AE51-FE85409D28AF}"
EndProject
Project("{2150E333-8FDC-42A3-9474-1A3956D46DE8}") = "tests", "tests", "{0AB3BF05-4346-4AA6-1389-037BE0695223}"
EndProject
Project("{2150E333-8FDC-42A3-9474-1A3956D46DE8}") = "TestSlug", "TestSlug", "{23250943-F850-FF12-A2B1-6E759A27AE9F}"
EndProject
Project("{FAE04EC0-301F-11D3-BF4B-00C04F79EFBC}") = "TestSlug", "tests\TestSlug\TestSlug\TestSlug.csproj", "{E443A0BB-7962-465F-AD20-E1082594EFCB}"
EndProject
Project("{2150E333-8FDC-42A3-9474-1A3956D46DE8}") = "Testing", "Testing", "{78DDA25A-7C38-13C4-DE39-740FEE45D7B1}"
EndProject
Project("{FAE04EC0-301F-11D3-BF4B-00C04F79EFBC}") = "SlugGenerator.Testing", "Testing\SlugGenerator.Testing\SlugGenerator.Testing.csproj", "{77A7A559-6E86-401D-B5DF-A44CECA725C2}"
EndProject
Global
	GlobalSection(SolutionConfigurationPlatforms) = preSolution
		Debug|Any CPU = Debug|Any CPU
		Debug|x64 = Debug|x64
		Debug|x86 = Debug|x86
		Release|Any CPU = Release|Any CPU
		Release|x64 = Release|x64
		Release|x86 = Release|x86
	EndGlobalSection
	GlobalSection(ProjectConfigurationPlatforms) = postSolution
		{83F2F17E-636B-4B39-AE51-FE85409D28AF}.Debug|Any CPU.ActiveCfg = Debug|Any CPU
		{83F2F17E-636B-4B39-AE51-FE85409D28AF}.Debug|Any CPU.Build.0 = Debug|Any CPU
		{83F2F17E-636B-4B39-AE51-FE85409D28AF}.Debug|x64.ActiveCfg = Debug|Any CPU
		{83F2F17E-636B-4B39-AE51-FE85409D28AF}.Debug|x64.Build.0 = Debug|Any CPU
		{83F2F17E-636B-4B39-AE51-FE85409D28AF}.Debug|x86.ActiveCfg = Debug|Any CPU
		{83F2F17E-636B-4B39-AE51-FE85409D28AF}.Debug|x86.Build.0 = Debug|Any CPU
		{83F2F17E-636B-4B39-AE51-FE85409D28AF}.Release|Any CPU.ActiveCfg = Release|Any CPU
		{83F2F17E-636B-4B39-AE51-FE85409D28AF}.Release|Any CPU.Build.0 = Release|Any CPU
		{83F2F17E-636B-4B39-AE51-FE85409D28AF}.Release|x64.ActiveCfg = Release|Any CPU
		{83F2F17E-636B-4B39-AE51-FE85409D28AF}.Release|x64.Build.0 = Release|Any CPU
		{83F2F17E-636B-4B39-AE51-FE85409D28AF}.Release|x86.ActiveCfg = Release|Any CPU
		{83F2F17E-636B-4B39-AE51-FE85409D28AF}.Release|x86.Build.0 = Release|Any CPU
		{E443A0BB-7962-465F-AD20-E1082594EFCB}.Debug|Any CPU.ActiveCfg = Debug|Any CPU
		{E443A0BB-7962-465F-AD20-E1082594EFCB}.Debug|Any CPU.Build.0 = Debug|Any CPU
		{E443A0BB-7962-465F-AD20-E1082594EFCB}.Debug|x64.ActiveCfg = Debug|Any CPU
		{E443A0BB-7962-465F-AD20-E1082594EFCB}.Debug|x64.Build.0 = Debug|Any CPU
		{E443A0BB-7962-465F-AD20-E1082594EFCB}.Debug|x86.ActiveCfg = Debug|Any CPU
		{E443A0BB-7962-465F-AD20-E1082594EFCB}.Debug|x86.Build.0 = Debug|Any CPU
		{E443A0BB-7962-465F-AD20-E1082594EFCB}.Release|Any CPU.ActiveCfg = Release|Any CPU
		{E443A0BB-7962-465F-AD20-E1082594EFCB}.Release|Any CPU.Build.0 = Release|Any CPU
		{E443A0BB-7962-465F-AD20-E1082594EFCB}.Release|x64.ActiveCfg = Release|Any CPU
		{E443A0BB-7962-465F-AD20-E1082594EFCB}.Release|x64.Build.0 = Release|Any CPU
		{E443A0BB-7962-465F-AD20-E1082594EFCB}.Release|x86.ActiveCfg = Release|Any CPU
		{E443A0BB-7962-465F-AD20-E1082594EFCB}.Release|x86.Build.0 = Release|Any CPU
		{77A7A559-6E86-401D-B5DF-A44CECA725C2}.Debug|Any CPU.ActiveCfg = Debug|Any CPU
		{77A7A559-6E86-401D-B5DF-A44CECA725C2}.Debug|Any CPU.Build.0 = Debug|Any CPU
		{77A7A559-6E86-401D-B5DF-A44CECA725C2}.Debug|x64.ActiveCfg = Debug|Any CPU
		{77A7A559-6E86-401D-B5DF-A44CECA725C2}.Debug|x64.Build.0 = Debug|Any CPU
		{77A7A559-6E86-401D-B5DF-A44CECA725C2}.Debug|x86.ActiveCfg = Debug|Any CPU
		{77A7A559-6E86-401D-B5DF-A44CECA725C2}.Debug|x86.Build.0 = Debug|Any CPU
		{77A7A559-6E86-401D-B5DF-A44CECA725C2}.Release|Any CPU.ActiveCfg = Release|Any CPU
		{77A7A559-6E86-401D-B5DF-A44CECA725C2}.Release|Any CPU.Build.0 = Release|Any CPU
		{77A7A559-6E86-401D-B5DF-A44CECA725C2}.Release|x64.ActiveCfg = Release|Any CPU
		{77A7A559-6E86-401D-B5DF-A44CECA725C2}.Release|x64.Build.0 = Release|Any CPU
		{77A7A559-6E86-401D-B5DF-A44CECA725C2}.Release|x86.ActiveCfg = Release|Any CPU
		{77A7A559-6E86-401D-B5DF-A44CECA725C2}.Release|x86.Build.0 = Release|Any CPU
	EndGlobalSection
	GlobalSection(SolutionProperties) = preSolution
		HideSolutionNode = FALSE
	EndGlobalSection
	GlobalSection(NestedProjects) = preSolution
		{85DA4DD2-935B-7590-AE63-10CF7B543618} = {827E0CD3-B72D-47B6-A68D-7590B98EB39B}
		{83F2F17E-636B-4B39-AE51-FE85409D28AF} = {85DA4DD2-935B-7590-AE63-10CF7B543618}
		{23250943-F850-FF12-A2B1-6E759A27AE9F} = {0AB3BF05-4346-4AA6-1389-037BE0695223}
		{E443A0BB-7962-465F-AD20-E1082594EFCB} = {23250943-F850-FF12-A2B1-6E759A27AE9F}
		{77A7A559-6E86-401D-B5DF-A44CECA725C2} = {78DDA25A-7C38-13C4-DE39-740FEE45D7B1}
	EndGlobalSection
EndGlobal
