
Microsoft Visual Studio Solution File, Format Version 12.00
# Visual Studio Version 17
VisualStudioVersion = 17.14.36301.6
MinimumVisualStudioVersion = 10.0.40219.1
Project("{FAE04EC0-301F-11D3-BF4B-00C04F79EFBC}") = "SlugGenerator", "SlugGenerator\SlugGenerator.csproj", "{95535055-D13B-4E99-BB8E-348F24383FFB}"
EndProject
Project("{FAE04EC0-301F-11D3-BF4B-00C04F79EFBC}") = "TestSlug", "..\..\tests\TestSlug\TestSlug\TestSlug.csproj", "{A42F0280-93DF-3BD1-793E-5D02251E7E4B}"
EndProject
Global
	GlobalSection(SolutionConfigurationPlatforms) = preSolution
		Debug|Any CPU = Debug|Any CPU
		Release|Any CPU = Release|Any CPU
	EndGlobalSection
	GlobalSection(ProjectConfigurationPlatforms) = postSolution
		{95535055-D13B-4E99-BB8E-348F24383FFB}.Debug|Any CPU.ActiveCfg = Debug|Any CPU
		{95535055-D13B-4E99-BB8E-348F24383FFB}.Debug|Any CPU.Build.0 = Debug|Any CPU
		{95535055-D13B-4E99-BB8E-348F24383FFB}.Release|Any CPU.ActiveCfg = Release|Any CPU
		{95535055-D13B-4E99-BB8E-348F24383FFB}.Release|Any CPU.Build.0 = Release|Any CPU
		{A42F0280-93DF-3BD1-793E-5D02251E7E4B}.Debug|Any CPU.ActiveCfg = Debug|Any CPU
		{A42F0280-93DF-3BD1-793E-5D02251E7E4B}.Debug|Any CPU.Build.0 = Debug|Any CPU
		{A42F0280-93DF-3BD1-793E-5D02251E7E4B}.Release|Any CPU.ActiveCfg = Release|Any CPU
		{A42F0280-93DF-3BD1-793E-5D02251E7E4B}.Release|Any CPU.Build.0 = Release|Any CPU
	EndGlobalSection
	GlobalSection(SolutionProperties) = preSolution
		HideSolutionNode = FALSE
	EndGlobalSection
	GlobalSection(ExtensibilityGlobals) = postSolution
		SolutionGuid = {7FB67B47-20C8-4745-9EE6-8DEFE33ADB4A}
	EndGlobalSection
EndGlobal
